
Microsoft Visual Studio Solution File, Format Version 12.00
# Visual Studio 15
VisualStudioVersion = 15.0.28010.2046
MinimumVisualStudioVersion = 10.0.40219.1
Project("{FAE04EC0-301F-11D3-BF4B-00C04F79EFBC}") = "ChatAlizination", "ChatAlizination\ChatAlizination.csproj", "{8395AF44-E803-4C5F-9381-65CA5D45125B}"
EndProject
Global
	GlobalSection(SolutionConfigurationPlatforms) = preSolution
		Debug|Any CPU = Debug|Any CPU
		Release|Any CPU = Release|Any CPU
	EndGlobalSection
	GlobalSection(ProjectConfigurationPlatforms) = postSolution
		{8395AF44-E803-4C5F-9381-65CA5D45125B}.Debug|Any CPU.ActiveCfg = Debug|Any CPU
		{8395AF44-E803-4C5F-9381-65CA5D45125B}.Debug|Any CPU.Build.0 = Debug|Any CPU
		{8395AF44-E803-4C5F-9381-65CA5D45125B}.Release|Any CPU.ActiveCfg = Release|Any CPU
		{8395AF44-E803-4C5F-9381-65CA5D45125B}.Release|Any CPU.Build.0 = Release|Any CPU
	EndGlobalSection
	GlobalSection(SolutionProperties) = preSolution
		HideSolutionNode = FALSE
	EndGlobalSection
	GlobalSection(ExtensibilityGlobals) = postSolution
		SolutionGuid = {DE942FE2-7604-41F3-A946-BBB59A92B412}
	EndGlobalSection
EndGlobal
